
Microsoft Visual Studio Solution File, Format Version 12.00
# Visual Studio Version 16
VisualStudioVersion = 16.0.30621.155
MinimumVisualStudioVersion = 10.0.40219.1
Project("{FAE04EC0-301F-11D3-BF4B-00C04F79EFBC}") = "ProyectoWEBCOVID", "ProyectoWEBCOVID\ProyectoWEBCOVID.csproj", "{62C59369-9C0C-4445-B4EC-955AE45E5CCC}"
EndProject
Global
	GlobalSection(SolutionConfigurationPlatforms) = preSolution
		Debug|Any CPU = Debug|Any CPU
		Release|Any CPU = Release|Any CPU
	EndGlobalSection
	GlobalSection(ProjectConfigurationPlatforms) = postSolution
		{62C59369-9C0C-4445-B4EC-955AE45E5CCC}.Debug|Any CPU.ActiveCfg = Debug|Any CPU
		{62C59369-9C0C-4445-B4EC-955AE45E5CCC}.Debug|Any CPU.Build.0 = Debug|Any CPU
		{62C59369-9C0C-4445-B4EC-955AE45E5CCC}.Release|Any CPU.ActiveCfg = Release|Any CPU
		{62C59369-9C0C-4445-B4EC-955AE45E5CCC}.Release|Any CPU.Build.0 = Release|Any CPU
	EndGlobalSection
	GlobalSection(SolutionProperties) = preSolution
		HideSolutionNode = FALSE
	EndGlobalSection
	GlobalSection(ExtensibilityGlobals) = postSolution
		SolutionGuid = {2E448257-0FC8-45B9-A1C2-E50A12D180B9}
	EndGlobalSection
EndGlobal
